// !$*UTF8*$!
{
	archiveVersion = 1;
	classes = {
	};
	objectVersion = 56;
	objects = {

/* Begin PBXBuildFile section */
		25DFFEDE2C6A6E9E00EA256A /* AppDelegate.swift in Sources */ = {isa = PBXBuildFile; fileRef = 25DFFEDD2C6A6E9E00EA256A /* AppDelegate.swift */; };
		25DFFEE02C6A6E9E00EA256A /* SceneDelegate.swift in Sources */ = {isa = PBXBuildFile; fileRef = 25DFFEDF2C6A6E9E00EA256A /* SceneDelegate.swift */; };
		25DFFEE72C6A6E9F00EA256A /* Assets.xcassets in Resources */ = {isa = PBXBuildFile; fileRef = 25DFFEE62C6A6E9F00EA256A /* Assets.xcassets */; };
		25DFFEEA2C6A6E9F00EA256A /* LaunchScreen.storyboard in Resources */ = {isa = PBXBuildFile; fileRef = 25DFFEE82C6A6E9F00EA256A /* LaunchScreen.storyboard */; };
		25DFFEF22C6A6F7600EA256A /* ImageListScreen.swift in Sources */ = {isa = PBXBuildFile; fileRef = 25DFFEF12C6A6F7600EA256A /* ImageListScreen.swift */; };
		25DFFEF42C6A7CE900EA256A /* ImageCollectionViewController.swift in Sources */ = {isa = PBXBuildFile; fileRef = 25DFFEF32C6A7CE900EA256A /* ImageCollectionViewController.swift */; };
		25DFFEF62C6BADC600EA256A /* ImageListViewModel.swift in Sources */ = {isa = PBXBuildFile; fileRef = 25DFFEF52C6BADC600EA256A /* ImageListViewModel.swift */; };
		25DFFEF82C6BADD100EA256A /* ImageDisplayState.swift in Sources */ = {isa = PBXBuildFile; fileRef = 25DFFEF72C6BADD100EA256A /* ImageDisplayState.swift */; };
		25DFFEFA2C6BADD900EA256A /* ImageLoadState.swift in Sources */ = {isa = PBXBuildFile; fileRef = 25DFFEF92C6BADD900EA256A /* ImageLoadState.swift */; };
		25DFFEFC2C6BADE200EA256A /* ThumbnailImageViewData.swift in Sources */ = {isa = PBXBuildFile; fileRef = 25DFFEFB2C6BADE200EA256A /* ThumbnailImageViewData.swift */; };
		25DFFEFE2C6BADEC00EA256A /* ImageDisplayStorage.swift in Sources */ = {isa = PBXBuildFile; fileRef = 25DFFEFD2C6BADEC00EA256A /* ImageDisplayStorage.swift */; };
		25DFFF002C6BADFC00EA256A /* ImageLoader.swift in Sources */ = {isa = PBXBuildFile; fileRef = 25DFFEFF2C6BADFC00EA256A /* ImageLoader.swift */; };
		25DFFF022C6BAE0D00EA256A /* ThumbnailImageViewModel.swift in Sources */ = {isa = PBXBuildFile; fileRef = 25DFFF012C6BAE0D00EA256A /* ThumbnailImageViewModel.swift */; };
		25DFFF042C6BAE1C00EA256A /* ThumbnailImageView.swift in Sources */ = {isa = PBXBuildFile; fileRef = 25DFFF032C6BAE1C00EA256A /* ThumbnailImageView.swift */; };
		25DFFF062C6BAE2900EA256A /* ImageListViewData.swift in Sources */ = {isa = PBXBuildFile; fileRef = 25DFFF052C6BAE2900EA256A /* ImageListViewData.swift */; };
		25DFFF0A2C6BBE8500EA256A /* ImageCollectionViewModel.swift in Sources */ = {isa = PBXBuildFile; fileRef = 25DFFF092C6BBE8500EA256A /* ImageCollectionViewModel.swift */; };
		25DFFF0C2C6BBE9000EA256A /* ImageCollectionViewData.swift in Sources */ = {isa = PBXBuildFile; fileRef = 25DFFF0B2C6BBE9000EA256A /* ImageCollectionViewData.swift */; };
		25DFFF0E2C6BBE9D00EA256A /* ImageCell.swift in Sources */ = {isa = PBXBuildFile; fileRef = 25DFFF0D2C6BBE9D00EA256A /* ImageCell.swift */; };
		25DFFF102C6BBEAB00EA256A /* FirstCell.swift in Sources */ = {isa = PBXBuildFile; fileRef = 25DFFF0F2C6BBEAB00EA256A /* FirstCell.swift */; };
/* End PBXBuildFile section */

/* Begin PBXFileReference section */
		25DFFEDA2C6A6E9E00EA256A /* TM-ImageLoad.app */ = {isa = PBXFileReference; explicitFileType = wrapper.application; includeInIndex = 0; path = "TM-ImageLoad.app"; sourceTree = BUILT_PRODUCTS_DIR; };
		25DFFEDD2C6A6E9E00EA256A /* AppDelegate.swift */ = {isa = PBXFileReference; lastKnownFileType = sourcecode.swift; path = AppDelegate.swift; sourceTree = "<group>"; };
		25DFFEDF2C6A6E9E00EA256A /* SceneDelegate.swift */ = {isa = PBXFileReference; lastKnownFileType = sourcecode.swift; path = SceneDelegate.swift; sourceTree = "<group>"; };
		25DFFEE62C6A6E9F00EA256A /* Assets.xcassets */ = {isa = PBXFileReference; lastKnownFileType = folder.assetcatalog; path = Assets.xcassets; sourceTree = "<group>"; };
		25DFFEE92C6A6E9F00EA256A /* Base */ = {isa = PBXFileReference; lastKnownFileType = file.storyboard; name = Base; path = Base.lproj/LaunchScreen.storyboard; sourceTree = "<group>"; };
		25DFFEEB2C6A6E9F00EA256A /* Info.plist */ = {isa = PBXFileReference; lastKnownFileType = text.plist.xml; path = Info.plist; sourceTree = "<group>"; };
		25DFFEF12C6A6F7600EA256A /* ImageListScreen.swift */ = {isa = PBXFileReference; lastKnownFileType = sourcecode.swift; path = ImageListScreen.swift; sourceTree = "<group>"; };
		25DFFEF32C6A7CE900EA256A /* ImageCollectionViewController.swift */ = {isa = PBXFileReference; lastKnownFileType = sourcecode.swift; path = ImageCollectionViewController.swift; sourceTree = "<group>"; };
		25DFFEF52C6BADC600EA256A /* ImageListViewModel.swift */ = {isa = PBXFileReference; lastKnownFileType = sourcecode.swift; path = ImageListViewModel.swift; sourceTree = "<group>"; };
		25DFFEF72C6BADD100EA256A /* ImageDisplayState.swift */ = {isa = PBXFileReference; lastKnownFileType = sourcecode.swift; path = ImageDisplayState.swift; sourceTree = "<group>"; };
		25DFFEF92C6BADD900EA256A /* ImageLoadState.swift */ = {isa = PBXFileReference; lastKnownFileType = sourcecode.swift; path = ImageLoadState.swift; sourceTree = "<group>"; };
		25DFFEFB2C6BADE200EA256A /* ThumbnailImageViewData.swift */ = {isa = PBXFileReference; lastKnownFileType = sourcecode.swift; path = ThumbnailImageViewData.swift; sourceTree = "<group>"; };
		25DFFEFD2C6BADEC00EA256A /* ImageDisplayStorage.swift */ = {isa = PBXFileReference; lastKnownFileType = sourcecode.swift; path = ImageDisplayStorage.swift; sourceTree = "<group>"; };
		25DFFEFF2C6BADFC00EA256A /* ImageLoader.swift */ = {isa = PBXFileReference; lastKnownFileType = sourcecode.swift; path = ImageLoader.swift; sourceTree = "<group>"; };
		25DFFF012C6BAE0D00EA256A /* ThumbnailImageViewModel.swift */ = {isa = PBXFileReference; lastKnownFileType = sourcecode.swift; path = ThumbnailImageViewModel.swift; sourceTree = "<group>"; };
		25DFFF032C6BAE1C00EA256A /* ThumbnailImageView.swift */ = {isa = PBXFileReference; lastKnownFileType = sourcecode.swift; path = ThumbnailImageView.swift; sourceTree = "<group>"; };
		25DFFF052C6BAE2900EA256A /* ImageListViewData.swift */ = {isa = PBXFileReference; lastKnownFileType = sourcecode.swift; path = ImageListViewData.swift; sourceTree = "<group>"; };
		25DFFF092C6BBE8500EA256A /* ImageCollectionViewModel.swift */ = {isa = PBXFileReference; lastKnownFileType = sourcecode.swift; path = ImageCollectionViewModel.swift; sourceTree = "<group>"; };
		25DFFF0B2C6BBE9000EA256A /* ImageCollectionViewData.swift */ = {isa = PBXFileReference; lastKnownFileType = sourcecode.swift; path = ImageCollectionViewData.swift; sourceTree = "<group>"; };
		25DFFF0D2C6BBE9D00EA256A /* ImageCell.swift */ = {isa = PBXFileReference; lastKnownFileType = sourcecode.swift; path = ImageCell.swift; sourceTree = "<group>"; };
		25DFFF0F2C6BBEAB00EA256A /* FirstCell.swift */ = {isa = PBXFileReference; lastKnownFileType = sourcecode.swift; path = FirstCell.swift; sourceTree = "<group>"; };
/* End PBXFileReference section */

/* Begin PBXFrameworksBuildPhase section */
		25DFFED72C6A6E9E00EA256A /* Frameworks */ = {
			isa = PBXFrameworksBuildPhase;
			buildActionMask = 2147483647;
			files = (
			);
			runOnlyForDeploymentPostprocessing = 0;
		};
/* End PBXFrameworksBuildPhase section */

/* Begin PBXGroup section */
		25DFFED12C6A6E9E00EA256A = {
			isa = PBXGroup;
			children = (
				25DFFEDC2C6A6E9E00EA256A /* TM-ImageLoad */,
				25DFFEDB2C6A6E9E00EA256A /* Products */,
			);
			sourceTree = "<group>";
		};
		25DFFEDB2C6A6E9E00EA256A /* Products */ = {
			isa = PBXGroup;
			children = (
				25DFFEDA2C6A6E9E00EA256A /* TM-ImageLoad.app */,
			);
			name = Products;
			sourceTree = "<group>";
		};
		25DFFEDC2C6A6E9E00EA256A /* TM-ImageLoad */ = {
			isa = PBXGroup;
			children = (
				25DFFF112C6BBECD00EA256A /* ImageCollection */,
				25DFFF082C6BBE6600EA256A /* ThumbnailImageView */,
				25DFFF072C6BBE4800EA256A /* ImageList */,
				25DFFEDD2C6A6E9E00EA256A /* AppDelegate.swift */,
				25DFFEDF2C6A6E9E00EA256A /* SceneDelegate.swift */,
				25DFFEFF2C6BADFC00EA256A /* ImageLoader.swift */,
				25DFFEFD2C6BADEC00EA256A /* ImageDisplayStorage.swift */,
				25DFFEF92C6BADD900EA256A /* ImageLoadState.swift */,
				25DFFEF72C6BADD100EA256A /* ImageDisplayState.swift */,
				25DFFEE62C6A6E9F00EA256A /* Assets.xcassets */,
				25DFFEE82C6A6E9F00EA256A /* LaunchScreen.storyboard */,
				25DFFEEB2C6A6E9F00EA256A /* Info.plist */,
			);
			path = "TM-ImageLoad";
			sourceTree = "<group>";
		};
		25DFFF072C6BBE4800EA256A /* ImageList */ = {
			isa = PBXGroup;
			children = (
				25DFFF052C6BAE2900EA256A /* ImageListViewData.swift */,
				25DFFEF12C6A6F7600EA256A /* ImageListScreen.swift */,
				25DFFEF52C6BADC600EA256A /* ImageListViewModel.swift */,
			);
			path = ImageList;
			sourceTree = "<group>";
		};
		25DFFF082C6BBE6600EA256A /* ThumbnailImageView */ = {
			isa = PBXGroup;
			children = (
				25DFFF032C6BAE1C00EA256A /* ThumbnailImageView.swift */,
				25DFFF012C6BAE0D00EA256A /* ThumbnailImageViewModel.swift */,
				25DFFEFB2C6BADE200EA256A /* ThumbnailImageViewData.swift */,
			);
			path = ThumbnailImageView;
			sourceTree = "<group>";
		};
		25DFFF112C6BBECD00EA256A /* ImageCollection */ = {
			isa = PBXGroup;
			children = (
				25DFFEF32C6A7CE900EA256A /* ImageCollectionViewController.swift */,
				25DFFF0F2C6BBEAB00EA256A /* FirstCell.swift */,
				25DFFF0D2C6BBE9D00EA256A /* ImageCell.swift */,
				25DFFF0B2C6BBE9000EA256A /* ImageCollectionViewData.swift */,
				25DFFF092C6BBE8500EA256A /* ImageCollectionViewModel.swift */,
			);
			path = ImageCollection;
			sourceTree = "<group>";
		};
/* End PBXGroup section */

/* Begin PBXNativeTarget section */
		25DFFED92C6A6E9E00EA256A /* TM-ImageLoad */ = {
			isa = PBXNativeTarget;
			buildConfigurationList = 25DFFEEE2C6A6E9F00EA256A /* Build configuration list for PBXNativeTarget "TM-ImageLoad" */;
			buildPhases = (
				25DFFED62C6A6E9E00EA256A /* Sources */,
				25DFFED72C6A6E9E00EA256A /* Frameworks */,
				25DFFED82C6A6E9E00EA256A /* Resources */,
			);
			buildRules = (
			);
			dependencies = (
			);
			name = "TM-ImageLoad";
			productName = "TM-ImageLoad";
			productReference = 25DFFEDA2C6A6E9E00EA256A /* TM-ImageLoad.app */;
			productType = "com.apple.product-type.application";
		};
/* End PBXNativeTarget section */

/* Begin PBXProject section */
		25DFFED22C6A6E9E00EA256A /* Project object */ = {
			isa = PBXProject;
			attributes = {
				BuildIndependentTargetsInParallel = 1;
				LastSwiftUpdateCheck = 1520;
				LastUpgradeCheck = 1520;
				TargetAttributes = {
					25DFFED92C6A6E9E00EA256A = {
						CreatedOnToolsVersion = 15.2;
					};
				};
			};
			buildConfigurationList = 25DFFED52C6A6E9E00EA256A /* Build configuration list for PBXProject "TM-ImageLoad" */;
			compatibilityVersion = "Xcode 14.0";
			developmentRegion = en;
			hasScannedForEncodings = 0;
			knownRegions = (
				en,
				Base,
			);
			mainGroup = 25DFFED12C6A6E9E00EA256A;
			productRefGroup = 25DFFEDB2C6A6E9E00EA256A /* Products */;
			projectDirPath = "";
			projectRoot = "";
			targets = (
				25DFFED92C6A6E9E00EA256A /* TM-ImageLoad */,
			);
		};
/* End PBXProject section */

/* Begin PBXResourcesBuildPhase section */
		25DFFED82C6A6E9E00EA256A /* Resources */ = {
			isa = PBXResourcesBuildPhase;
			buildActionMask = 2147483647;
			files = (
				25DFFEEA2C6A6E9F00EA256A /* LaunchScreen.storyboard in Resources */,
				25DFFEE72C6A6E9F00EA256A /* Assets.xcassets in Resources */,
			);
			runOnlyForDeploymentPostprocessing = 0;
		};
/* End PBXResourcesBuildPhase section */

/* Begin PBXSourcesBuildPhase section */
		25DFFED62C6A6E9E00EA256A /* Sources */ = {
			isa = PBXSourcesBuildPhase;
			buildActionMask = 2147483647;
			files = (
				25DFFEFE2C6BADEC00EA256A /* ImageDisplayStorage.swift in Sources */,
				25DFFEF62C6BADC600EA256A /* ImageListViewModel.swift in Sources */,
				25DFFF002C6BADFC00EA256A /* ImageLoader.swift in Sources */,
				25DFFF062C6BAE2900EA256A /* ImageListViewData.swift in Sources */,
				25DFFEF42C6A7CE900EA256A /* ImageCollectionViewController.swift in Sources */,
				25DFFEF82C6BADD100EA256A /* ImageDisplayState.swift in Sources */,
				25DFFF022C6BAE0D00EA256A /* ThumbnailImageViewModel.swift in Sources */,
				25DFFEFC2C6BADE200EA256A /* ThumbnailImageViewData.swift in Sources */,
				25DFFF0C2C6BBE9000EA256A /* ImageCollectionViewData.swift in Sources */,
				25DFFEDE2C6A6E9E00EA256A /* AppDelegate.swift in Sources */,
				25DFFEE02C6A6E9E00EA256A /* SceneDelegate.swift in Sources */,
				25DFFF042C6BAE1C00EA256A /* ThumbnailImageView.swift in Sources */,
				25DFFEFA2C6BADD900EA256A /* ImageLoadState.swift in Sources */,
				25DFFF0E2C6BBE9D00EA256A /* ImageCell.swift in Sources */,
				25DFFF102C6BBEAB00EA256A /* FirstCell.swift in Sources */,
				25DFFF0A2C6BBE8500EA256A /* ImageCollectionViewModel.swift in Sources */,
				25DFFEF22C6A6F7600EA256A /* ImageListScreen.swift in Sources */,
			);
			runOnlyForDeploymentPostprocessing = 0;
		};
/* End PBXSourcesBuildPhase section */

/* Begin PBXVariantGroup section */
		25DFFEE82C6A6E9F00EA256A /* LaunchScreen.storyboard */ = {
			isa = PBXVariantGroup;
			children = (
				25DFFEE92C6A6E9F00EA256A /* Base */,
			);
			name = LaunchScreen.storyboard;
			sourceTree = "<group>";
		};
/* End PBXVariantGroup section */

/* Begin XCBuildConfiguration section */
		25DFFEEC2C6A6E9F00EA256A /* Debug */ = {
			isa = XCBuildConfiguration;
			buildSettings = {
				ALWAYS_SEARCH_USER_PATHS = NO;
				ASSETCATALOG_COMPILER_GENERATE_SWIFT_ASSET_SYMBOL_EXTENSIONS = YES;
				CLANG_ANALYZER_NONNULL = YES;
				CLANG_ANALYZER_NUMBER_OBJECT_CONVERSION = YES_AGGRESSIVE;
				CLANG_CXX_LANGUAGE_STANDARD = "gnu++20";
				CLANG_ENABLE_MODULES = YES;
				CLANG_ENABLE_OBJC_ARC = YES;
				CLANG_ENABLE_OBJC_WEAK = YES;
				CLANG_WARN_BLOCK_CAPTURE_AUTORELEASING = YES;
				CLANG_WARN_BOOL_CONVERSION = YES;
				CLANG_WARN_COMMA = YES;
				CLANG_WARN_CONSTANT_CONVERSION = YES;
				CLANG_WARN_DEPRECATED_OBJC_IMPLEMENTATIONS = YES;
				CLANG_WARN_DIRECT_OBJC_ISA_USAGE = YES_ERROR;
				CLANG_WARN_DOCUMENTATION_COMMENTS = YES;
				CLANG_WARN_EMPTY_BODY = YES;
				CLANG_WARN_ENUM_CONVERSION = YES;
				CLANG_WARN_INFINITE_RECURSION = YES;
				CLANG_WARN_INT_CONVERSION = YES;
				CLANG_WARN_NON_LITERAL_NULL_CONVERSION = YES;
				CLANG_WARN_OBJC_IMPLICIT_RETAIN_SELF = YES;
				CLANG_WARN_OBJC_LITERAL_CONVERSION = YES;
				CLANG_WARN_OBJC_ROOT_CLASS = YES_ERROR;
				CLANG_WARN_QUOTED_INCLUDE_IN_FRAMEWORK_HEADER = YES;
				CLANG_WARN_RANGE_LOOP_ANALYSIS = YES;
				CLANG_WARN_STRICT_PROTOTYPES = YES;
				CLANG_WARN_SUSPICIOUS_MOVE = YES;
				CLANG_WARN_UNGUARDED_AVAILABILITY = YES_AGGRESSIVE;
				CLANG_WARN_UNREACHABLE_CODE = YES;
				CLANG_WARN__DUPLICATE_METHOD_MATCH = YES;
				COPY_PHASE_STRIP = NO;
				DEBUG_INFORMATION_FORMAT = dwarf;
				ENABLE_STRICT_OBJC_MSGSEND = YES;
				ENABLE_TESTABILITY = YES;
				ENABLE_USER_SCRIPT_SANDBOXING = YES;
				GCC_C_LANGUAGE_STANDARD = gnu17;
				GCC_DYNAMIC_NO_PIC = NO;
				GCC_NO_COMMON_BLOCKS = YES;
				GCC_OPTIMIZATION_LEVEL = 0;
				GCC_PREPROCESSOR_DEFINITIONS = (
					"DEBUG=1",
					"$(inherited)",
				);
				GCC_WARN_64_TO_32_BIT_CONVERSION = YES;
				GCC_WARN_ABOUT_RETURN_TYPE = YES_ERROR;
				GCC_WARN_UNDECLARED_SELECTOR = YES;
				GCC_WARN_UNINITIALIZED_AUTOS = YES_AGGRESSIVE;
				GCC_WARN_UNUSED_FUNCTION = YES;
				GCC_WARN_UNUSED_VARIABLE = YES;
				IPHONEOS_DEPLOYMENT_TARGET = 17.2;
				LOCALIZATION_PREFERS_STRING_CATALOGS = YES;
				MTL_ENABLE_DEBUG_INFO = INCLUDE_SOURCE;
				MTL_FAST_MATH = YES;
				ONLY_ACTIVE_ARCH = YES;
				SDKROOT = iphoneos;
				SWIFT_ACTIVE_COMPILATION_CONDITIONS = "DEBUG $(inherited)";
				SWIFT_OPTIMIZATION_LEVEL = "-Onone";
			};
			name = Debug;
		};
		25DFFEED2C6A6E9F00EA256A /* Release */ = {
			isa = XCBuildConfiguration;
			buildSettings = {
				ALWAYS_SEARCH_USER_PATHS = NO;
				ASSETCATALOG_COMPILER_GENERATE_SWIFT_ASSET_SYMBOL_EXTENSIONS = YES;
				CLANG_ANALYZER_NONNULL = YES;
				CLANG_ANALYZER_NUMBER_OBJECT_CONVERSION = YES_AGGRESSIVE;
				CLANG_CXX_LANGUAGE_STANDARD = "gnu++20";
				CLANG_ENABLE_MODULES = YES;
				CLANG_ENABLE_OBJC_ARC = YES;
				CLANG_ENABLE_OBJC_WEAK = YES;
				CLANG_WARN_BLOCK_CAPTURE_AUTORELEASING = YES;
				CLANG_WARN_BOOL_CONVERSION = YES;
				CLANG_WARN_COMMA = YES;
				CLANG_WARN_CONSTANT_CONVERSION = YES;
				CLANG_WARN_DEPRECATED_OBJC_IMPLEMENTATIONS = YES;
				CLANG_WARN_DIRECT_OBJC_ISA_USAGE = YES_ERROR;
				CLANG_WARN_DOCUMENTATION_COMMENTS = YES;
				CLANG_WARN_EMPTY_BODY = YES;
				CLANG_WARN_ENUM_CONVERSION = YES;
				CLANG_WARN_INFINITE_RECURSION = YES;
				CLANG_WARN_INT_CONVERSION = YES;
				CLANG_WARN_NON_LITERAL_NULL_CONVERSION = YES;
				CLANG_WARN_OBJC_IMPLICIT_RETAIN_SELF = YES;
				CLANG_WARN_OBJC_LITERAL_CONVERSION = YES;
				CLANG_WARN_OBJC_ROOT_CLASS = YES_ERROR;
				CLANG_WARN_QUOTED_INCLUDE_IN_FRAMEWORK_HEADER = YES;
				CLANG_WARN_RANGE_LOOP_ANALYSIS = YES;
				CLANG_WARN_STRICT_PROTOTYPES = YES;
				CLANG_WARN_SUSPICIOUS_MOVE = YES;
				CLANG_WARN_UNGUARDED_AVAILABILITY = YES_AGGRESSIVE;
				CLANG_WARN_UNREACHABLE_CODE = YES;
				CLANG_WARN__DUPLICATE_METHOD_MATCH = YES;
				COPY_PHASE_STRIP = NO;
				DEBUG_INFORMATION_FORMAT = "dwarf-with-dsym";
				ENABLE_NS_ASSERTIONS = NO;
				ENABLE_STRICT_OBJC_MSGSEND = YES;
				ENABLE_USER_SCRIPT_SANDBOXING = YES;
				GCC_C_LANGUAGE_STANDARD = gnu17;
				GCC_NO_COMMON_BLOCKS = YES;
				GCC_WARN_64_TO_32_BIT_CONVERSION = YES;
				GCC_WARN_ABOUT_RETURN_TYPE = YES_ERROR;
				GCC_WARN_UNDECLARED_SELECTOR = YES;
				GCC_WARN_UNINITIALIZED_AUTOS = YES_AGGRESSIVE;
				GCC_WARN_UNUSED_FUNCTION = YES;
				GCC_WARN_UNUSED_VARIABLE = YES;
				IPHONEOS_DEPLOYMENT_TARGET = 17.2;
				LOCALIZATION_PREFERS_STRING_CATALOGS = YES;
				MTL_ENABLE_DEBUG_INFO = NO;
				MTL_FAST_MATH = YES;
				SDKROOT = iphoneos;
				SWIFT_COMPILATION_MODE = wholemodule;
				VALIDATE_PRODUCT = YES;
			};
			name = Release;
		};
		25DFFEEF2C6A6E9F00EA256A /* Debug */ = {
			isa = XCBuildConfiguration;
			buildSettings = {
				ASSETCATALOG_COMPILER_APPICON_NAME = AppIcon;
				ASSETCATALOG_COMPILER_GLOBAL_ACCENT_COLOR_NAME = AccentColor;
				CODE_SIGN_STYLE = Automatic;
				CURRENT_PROJECT_VERSION = 1;
				DEVELOPMENT_TEAM = TKM4VSA3YF;
				GENERATE_INFOPLIST_FILE = YES;
				INFOPLIST_FILE = "TM-ImageLoad/Info.plist";
				INFOPLIST_KEY_UIApplicationSupportsIndirectInputEvents = YES;
				INFOPLIST_KEY_UILaunchStoryboardName = LaunchScreen;
				INFOPLIST_KEY_UISupportedInterfaceOrientations_iPad = "UIInterfaceOrientationPortrait UIInterfaceOrientationPortraitUpsideDown UIInterfaceOrientationLandscapeLeft UIInterfaceOrientationLandscapeRight";
				INFOPLIST_KEY_UISupportedInterfaceOrientations_iPhone = "UIInterfaceOrientationPortrait UIInterfaceOrientationLandscapeLeft UIInterfaceOrientationLandscapeRight";
				LD_RUNPATH_SEARCH_PATHS = (
					"$(inherited)",
					"@executable_path/Frameworks",
				);
				MARKETING_VERSION = 1.0;
				PRODUCT_BUNDLE_IDENTIFIER = "jp.s2mr.TM-ImageLoad";
				PRODUCT_NAME = "$(TARGET_NAME)";
				SWIFT_EMIT_LOC_STRINGS = YES;
				SWIFT_VERSION = 5.0;
				TARGETED_DEVICE_FAMILY = "1,2";
			};
			name = Debug;
		};
		25DFFEF02C6A6E9F00EA256A /* Release */ = {
			isa = XCBuildConfiguration;
			buildSettings = {
				ASSETCATALOG_COMPILER_APPICON_NAME = AppIcon;
				ASSETCATALOG_COMPILER_GLOBAL_ACCENT_COLOR_NAME = AccentColor;
				CODE_SIGN_STYLE = Automatic;
				CURRENT_PROJECT_VERSION = 1;
				DEVELOPMENT_TEAM = TKM4VSA3YF;
				GENERATE_INFOPLIST_FILE = YES;
				INFOPLIST_FILE = "TM-ImageLoad/Info.plist";
				INFOPLIST_KEY_UIApplicationSupportsIndirectInputEvents = YES;
				INFOPLIST_KEY_UILaunchStoryboardName = LaunchScreen;
				INFOPLIST_KEY_UISupportedInterfaceOrientations_iPad = "UIInterfaceOrientationPortrait UIInterfaceOrientationPortraitUpsideDown UIInterfaceOrientationLandscapeLeft UIInterfaceOrientationLandscapeRight";
				INFOPLIST_KEY_UISupportedInterfaceOrientations_iPhone = "UIInterfaceOrientationPortrait UIInterfaceOrientationLandscapeLeft UIInterfaceOrientationLandscapeRight";
				LD_RUNPATH_SEARCH_PATHS = (
					"$(inherited)",
					"@executable_path/Frameworks",
				);
				MARKETING_VERSION = 1.0;
				PRODUCT_BUNDLE_IDENTIFIER = "jp.s2mr.TM-ImageLoad";
				PRODUCT_NAME = "$(TARGET_NAME)";
				SWIFT_EMIT_LOC_STRINGS = YES;
				SWIFT_VERSION = 5.0;
				TARGETED_DEVICE_FAMILY = "1,2";
			};
			name = Release;
		};
/* End XCBuildConfiguration section */

/* Begin XCConfigurationList section */
		25DFFED52C6A6E9E00EA256A /* Build configuration list for PBXProject "TM-ImageLoad" */ = {
			isa = XCConfigurationList;
			buildConfigurations = (
				25DFFEEC2C6A6E9F00EA256A /* Debug */,
				25DFFEED2C6A6E9F00EA256A /* Release */,
			);
			defaultConfigurationIsVisible = 0;
			defaultConfigurationName = Release;
		};
		25DFFEEE2C6A6E9F00EA256A /* Build configuration list for PBXNativeTarget "TM-ImageLoad" */ = {
			isa = XCConfigurationList;
			buildConfigurations = (
				25DFFEEF2C6A6E9F00EA256A /* Debug */,
				25DFFEF02C6A6E9F00EA256A /* Release */,
			);
			defaultConfigurationIsVisible = 0;
			defaultConfigurationName = Release;
		};
/* End XCConfigurationList section */
	};
	rootObject = 25DFFED22C6A6E9E00EA256A /* Project object */;
}
